
Microsoft Visual Studio Solution File, Format Version 12.00
# Visual Studio Version 17
VisualStudioVersion = 17.11.35431.28
MinimumVisualStudioVersion = 10.0.40219.1
Project("{FAE04EC0-301F-11D3-BF4B-00C04F79EFBC}") = "DXApplication1", "DXApplication1\DXApplication1.csproj", "{FFF94018-C7D9-4D17-84D0-832A7913F1B5}"
EndProject
Global
	GlobalSection(SolutionConfigurationPlatforms) = preSolution
		Debug|Any CPU = Debug|Any CPU
		Release|Any CPU = Release|Any CPU
	EndGlobalSection
	GlobalSection(ProjectConfigurationPlatforms) = postSolution
		{FFF94018-C7D9-4D17-84D0-832A7913F1B5}.Debug|Any CPU.ActiveCfg = Debug|Any CPU
		{FFF94018-C7D9-4D17-84D0-832A7913F1B5}.Debug|Any CPU.Build.0 = Debug|Any CPU
		{FFF94018-C7D9-4D17-84D0-832A7913F1B5}.Release|Any CPU.ActiveCfg = Release|Any CPU
		{FFF94018-C7D9-4D17-84D0-832A7913F1B5}.Release|Any CPU.Build.0 = Release|Any CPU
	EndGlobalSection
	GlobalSection(SolutionProperties) = preSolution
		HideSolutionNode = FALSE
	EndGlobalSection
	GlobalSection(ExtensibilityGlobals) = postSolution
		SolutionGuid = {42702D0A-05BF-4E63-A590-2445B1604F52}
	EndGlobalSection
EndGlobal
